
Microsoft Visual Studio Solution File, Format Version 12.00
# Visual Studio Version 17
VisualStudioVersion = 17.5.2.0
MinimumVisualStudioVersion = 10.0.40219.1
Project("{FAE04EC0-301F-11D3-BF4B-00C04F79EFBC}") = "Videoteca", "Videoteca\Videoteca.csproj", "{E51AA00D-0F39-43A2-E485-9EF5BD08F592}"
EndProject
Project("{FAE04EC0-301F-11D3-BF4B-00C04F79EFBC}") = "EsempioEreditarietà", "EsempioEreditarietà\EsempioEreditarietà.csproj", "{F54501C9-CBA9-4BCC-879E-0EC409D5DAC9}"
EndProject
Project("{FAE04EC0-301F-11D3-BF4B-00C04F79EFBC}") = "Garage", "Garage\Garage.csproj", "{390B1E84-9A81-43DD-A54F-3E93A44C7ED6}"
EndProject
Global
	GlobalSection(SolutionConfigurationPlatforms) = preSolution
		Debug|Any CPU = Debug|Any CPU
		Debug|x64 = Debug|x64
		Debug|x86 = Debug|x86
		Release|Any CPU = Release|Any CPU
		Release|x64 = Release|x64
		Release|x86 = Release|x86
	EndGlobalSection
	GlobalSection(ProjectConfigurationPlatforms) = postSolution
		{E51AA00D-0F39-43A2-E485-9EF5BD08F592}.Debug|Any CPU.ActiveCfg = Debug|Any CPU
		{E51AA00D-0F39-43A2-E485-9EF5BD08F592}.Debug|Any CPU.Build.0 = Debug|Any CPU
		{E51AA00D-0F39-43A2-E485-9EF5BD08F592}.Debug|x64.ActiveCfg = Debug|Any CPU
		{E51AA00D-0F39-43A2-E485-9EF5BD08F592}.Debug|x64.Build.0 = Debug|Any CPU
		{E51AA00D-0F39-43A2-E485-9EF5BD08F592}.Debug|x86.ActiveCfg = Debug|Any CPU
		{E51AA00D-0F39-43A2-E485-9EF5BD08F592}.Debug|x86.Build.0 = Debug|Any CPU
		{E51AA00D-0F39-43A2-E485-9EF5BD08F592}.Release|Any CPU.ActiveCfg = Release|Any CPU
		{E51AA00D-0F39-43A2-E485-9EF5BD08F592}.Release|Any CPU.Build.0 = Release|Any CPU
		{E51AA00D-0F39-43A2-E485-9EF5BD08F592}.Release|x64.ActiveCfg = Release|Any CPU
		{E51AA00D-0F39-43A2-E485-9EF5BD08F592}.Release|x64.Build.0 = Release|Any CPU
		{E51AA00D-0F39-43A2-E485-9EF5BD08F592}.Release|x86.ActiveCfg = Release|Any CPU
		{E51AA00D-0F39-43A2-E485-9EF5BD08F592}.Release|x86.Build.0 = Release|Any CPU
		{F54501C9-CBA9-4BCC-879E-0EC409D5DAC9}.Debug|Any CPU.ActiveCfg = Debug|Any CPU
		{F54501C9-CBA9-4BCC-879E-0EC409D5DAC9}.Debug|Any CPU.Build.0 = Debug|Any CPU
		{F54501C9-CBA9-4BCC-879E-0EC409D5DAC9}.Debug|x64.ActiveCfg = Debug|Any CPU
		{F54501C9-CBA9-4BCC-879E-0EC409D5DAC9}.Debug|x64.Build.0 = Debug|Any CPU
		{F54501C9-CBA9-4BCC-879E-0EC409D5DAC9}.Debug|x86.ActiveCfg = Debug|Any CPU
		{F54501C9-CBA9-4BCC-879E-0EC409D5DAC9}.Debug|x86.Build.0 = Debug|Any CPU
		{F54501C9-CBA9-4BCC-879E-0EC409D5DAC9}.Release|Any CPU.ActiveCfg = Release|Any CPU
		{F54501C9-CBA9-4BCC-879E-0EC409D5DAC9}.Release|Any CPU.Build.0 = Release|Any CPU
		{F54501C9-CBA9-4BCC-879E-0EC409D5DAC9}.Release|x64.ActiveCfg = Release|Any CPU
		{F54501C9-CBA9-4BCC-879E-0EC409D5DAC9}.Release|x64.Build.0 = Release|Any CPU
		{F54501C9-CBA9-4BCC-879E-0EC409D5DAC9}.Release|x86.ActiveCfg = Release|Any CPU
		{F54501C9-CBA9-4BCC-879E-0EC409D5DAC9}.Release|x86.Build.0 = Release|Any CPU
		{390B1E84-9A81-43DD-A54F-3E93A44C7ED6}.Debug|Any CPU.ActiveCfg = Debug|Any CPU
		{390B1E84-9A81-43DD-A54F-3E93A44C7ED6}.Debug|Any CPU.Build.0 = Debug|Any CPU
		{390B1E84-9A81-43DD-A54F-3E93A44C7ED6}.Debug|x64.ActiveCfg = Debug|Any CPU
		{390B1E84-9A81-43DD-A54F-3E93A44C7ED6}.Debug|x64.Build.0 = Debug|Any CPU
		{390B1E84-9A81-43DD-A54F-3E93A44C7ED6}.Debug|x86.ActiveCfg = Debug|Any CPU
		{390B1E84-9A81-43DD-A54F-3E93A44C7ED6}.Debug|x86.Build.0 = Debug|Any CPU
		{390B1E84-9A81-43DD-A54F-3E93A44C7ED6}.Release|Any CPU.ActiveCfg = Release|Any CPU
		{390B1E84-9A81-43DD-A54F-3E93A44C7ED6}.Release|Any CPU.Build.0 = Release|Any CPU
		{390B1E84-9A81-43DD-A54F-3E93A44C7ED6}.Release|x64.ActiveCfg = Release|Any CPU
		{390B1E84-9A81-43DD-A54F-3E93A44C7ED6}.Release|x64.Build.0 = Release|Any CPU
		{390B1E84-9A81-43DD-A54F-3E93A44C7ED6}.Release|x86.ActiveCfg = Release|Any CPU
		{390B1E84-9A81-43DD-A54F-3E93A44C7ED6}.Release|x86.Build.0 = Release|Any CPU
	EndGlobalSection
	GlobalSection(SolutionProperties) = preSolution
		HideSolutionNode = FALSE
	EndGlobalSection
	GlobalSection(ExtensibilityGlobals) = postSolution
		SolutionGuid = {F63B0DA1-3F26-4179-A556-E1D5166AAC30}
	EndGlobalSection
EndGlobal
