Microsoft Visual Studio Solution File, Format Version 12.00
# Visual Studio Version 17
VisualStudioVersion = 17.5.2.0
MinimumVisualStudioVersion = 10.0.40219.1
Project("{FAE04EC0-301F-11D3-BF4B-00C04F79EFBC}") = "AlertService", "AlertService\AlertService.csproj", "{632E6D72-68A0-22A4-94ED-9B05B3411A87}"
EndProject
Project("{FAE04EC0-301F-11D3-BF4B-00C04F79EFBC}") = "FileUploader", "FileUploader\FileUploader.csproj", "{C31ABD04-9986-484E-2899-0C7D5B2EF79E}"
EndProject
Project("{FAE04EC0-301F-11D3-BF4B-00C04F79EFBC}") = "GreetingService", "GreetingService\GreetingService.csproj", "{277B4887-2816-566A-E06D-83DC7C83C343}"
EndProject
Project("{FAE04EC0-301F-11D3-BF4B-00C04F79EFBC}") = "PaymentProcessor", "PaymentProcessor\PaymentProcessor.csproj", "{E3FFA751-8C32-FE67-8901-313FC9B618A3}"
EndProject
Project("{FAE04EC0-301F-11D3-BF4B-00C04F79EFBC}") = "Printer", "Printer\Printer.csproj", "{7C4ADB96-8E1D-FCC0-DF6A-3DBEFD8B74CF}"
EndProject
Global
	GlobalSection(SolutionConfigurationPlatforms) = preSolution
		Debug|Any CPU = Debug|Any CPU
		Release|Any CPU = Release|Any CPU
	EndGlobalSection
	GlobalSection(ProjectConfigurationPlatforms) = postSolution
		{632E6D72-68A0-22A4-94ED-9B05B3411A87}.Debug|Any CPU.ActiveCfg = Debug|Any CPU
		{632E6D72-68A0-22A4-94ED-9B05B3411A87}.Debug|Any CPU.Build.0 = Debug|Any CPU
		{632E6D72-68A0-22A4-94ED-9B05B3411A87}.Release|Any CPU.ActiveCfg = Release|Any CPU
		{632E6D72-68A0-22A4-94ED-9B05B3411A87}.Release|Any CPU.Build.0 = Release|Any CPU
		{C31ABD04-9986-484E-2899-0C7D5B2EF79E}.Debug|Any CPU.ActiveCfg = Debug|Any CPU
		{C31ABD04-9986-484E-2899-0C7D5B2EF79E}.Debug|Any CPU.Build.0 = Debug|Any CPU
		{C31ABD04-9986-484E-2899-0C7D5B2EF79E}.Release|Any CPU.ActiveCfg = Release|Any CPU
		{C31ABD04-9986-484E-2899-0C7D5B2EF79E}.Release|Any CPU.Build.0 = Release|Any CPU
		{277B4887-2816-566A-E06D-83DC7C83C343}.Debug|Any CPU.ActiveCfg = Debug|Any CPU
		{277B4887-2816-566A-E06D-83DC7C83C343}.Debug|Any CPU.Build.0 = Debug|Any CPU
		{277B4887-2816-566A-E06D-83DC7C83C343}.Release|Any CPU.ActiveCfg = Release|Any CPU
		{277B4887-2816-566A-E06D-83DC7C83C343}.Release|Any CPU.Build.0 = Release|Any CPU
		{E3FFA751-8C32-FE67-8901-313FC9B618A3}.Debug|Any CPU.ActiveCfg = Debug|Any CPU
		{E3FFA751-8C32-FE67-8901-313FC9B618A3}.Debug|Any CPU.Build.0 = Debug|Any CPU
		{E3FFA751-8C32-FE67-8901-313FC9B618A3}.Release|Any CPU.ActiveCfg = Release|Any CPU
		{E3FFA751-8C32-FE67-8901-313FC9B618A3}.Release|Any CPU.Build.0 = Release|Any CPU
		{7C4ADB96-8E1D-FCC0-DF6A-3DBEFD8B74CF}.Debug|Any CPU.ActiveCfg = Debug|Any CPU
		{7C4ADB96-8E1D-FCC0-DF6A-3DBEFD8B74CF}.Debug|Any CPU.Build.0 = Debug|Any CPU
		{7C4ADB96-8E1D-FCC0-DF6A-3DBEFD8B74CF}.Release|Any CPU.ActiveCfg = Release|Any CPU
		{7C4ADB96-8E1D-FCC0-DF6A-3DBEFD8B74CF}.Release|Any CPU.Build.0 = Release|Any CPU
	EndGlobalSection
	GlobalSection(SolutionProperties) = preSolution
		HideSolutionNode = FALSE
	EndGlobalSection
	GlobalSection(ExtensibilityGlobals) = postSolution
		SolutionGuid = {6088E05C-B157-45B2-8F96-2A8826E62A7E}
	EndGlobalSection
EndGlobal
