
Microsoft Visual Studio Solution File, Format Version 12.00
# Visual Studio Version 17
VisualStudioVersion = 17.5.2.0
MinimumVisualStudioVersion = 10.0.40219.1
Project("{FAE04EC0-301F-11D3-BF4B-00C04F79EFBC}") = "PolimorfismoOverride", "PolimorfismoOverride\PolimorfismoOverride.csproj", "{3B52C7B2-E751-11EF-BA64-987E09B8533C}"
EndProject
Project("{FAE04EC0-301F-11D3-BF4B-00C04F79EFBC}") = "Officina", "Officina\Officina.csproj", "{EC2B14DF-CE09-45F2-BBB5-C0A9CC1BB81E}"
EndProject
Project("{FAE04EC0-301F-11D3-BF4B-00C04F79EFBC}") = "Operatori", "Operatori\Operatori.csproj", "{7AA132A6-2288-4948-A675-CDEE39C39B33}"
EndProject
Global
	GlobalSection(SolutionConfigurationPlatforms) = preSolution
		Debug|Any CPU = Debug|Any CPU
		Debug|x64 = Debug|x64
		Debug|x86 = Debug|x86
		Release|Any CPU = Release|Any CPU
		Release|x64 = Release|x64
		Release|x86 = Release|x86
	EndGlobalSection
	GlobalSection(ProjectConfigurationPlatforms) = postSolution
		{3B52C7B2-E751-11EF-BA64-987E09B8533C}.Debug|Any CPU.ActiveCfg = Debug|Any CPU
		{3B52C7B2-E751-11EF-BA64-987E09B8533C}.Debug|Any CPU.Build.0 = Debug|Any CPU
		{3B52C7B2-E751-11EF-BA64-987E09B8533C}.Debug|x64.ActiveCfg = Debug|Any CPU
		{3B52C7B2-E751-11EF-BA64-987E09B8533C}.Debug|x64.Build.0 = Debug|Any CPU
		{3B52C7B2-E751-11EF-BA64-987E09B8533C}.Debug|x86.ActiveCfg = Debug|Any CPU
		{3B52C7B2-E751-11EF-BA64-987E09B8533C}.Debug|x86.Build.0 = Debug|Any CPU
		{3B52C7B2-E751-11EF-BA64-987E09B8533C}.Release|Any CPU.ActiveCfg = Release|Any CPU
		{3B52C7B2-E751-11EF-BA64-987E09B8533C}.Release|Any CPU.Build.0 = Release|Any CPU
		{3B52C7B2-E751-11EF-BA64-987E09B8533C}.Release|x64.ActiveCfg = Release|Any CPU
		{3B52C7B2-E751-11EF-BA64-987E09B8533C}.Release|x64.Build.0 = Release|Any CPU
		{3B52C7B2-E751-11EF-BA64-987E09B8533C}.Release|x86.ActiveCfg = Release|Any CPU
		{3B52C7B2-E751-11EF-BA64-987E09B8533C}.Release|x86.Build.0 = Release|Any CPU
		{EC2B14DF-CE09-45F2-BBB5-C0A9CC1BB81E}.Debug|Any CPU.ActiveCfg = Debug|Any CPU
		{EC2B14DF-CE09-45F2-BBB5-C0A9CC1BB81E}.Debug|Any CPU.Build.0 = Debug|Any CPU
		{EC2B14DF-CE09-45F2-BBB5-C0A9CC1BB81E}.Debug|x64.ActiveCfg = Debug|Any CPU
		{EC2B14DF-CE09-45F2-BBB5-C0A9CC1BB81E}.Debug|x64.Build.0 = Debug|Any CPU
		{EC2B14DF-CE09-45F2-BBB5-C0A9CC1BB81E}.Debug|x86.ActiveCfg = Debug|Any CPU
		{EC2B14DF-CE09-45F2-BBB5-C0A9CC1BB81E}.Debug|x86.Build.0 = Debug|Any CPU
		{EC2B14DF-CE09-45F2-BBB5-C0A9CC1BB81E}.Release|Any CPU.ActiveCfg = Release|Any CPU
		{EC2B14DF-CE09-45F2-BBB5-C0A9CC1BB81E}.Release|Any CPU.Build.0 = Release|Any CPU
		{EC2B14DF-CE09-45F2-BBB5-C0A9CC1BB81E}.Release|x64.ActiveCfg = Release|Any CPU
		{EC2B14DF-CE09-45F2-BBB5-C0A9CC1BB81E}.Release|x64.Build.0 = Release|Any CPU
		{EC2B14DF-CE09-45F2-BBB5-C0A9CC1BB81E}.Release|x86.ActiveCfg = Release|Any CPU
		{EC2B14DF-CE09-45F2-BBB5-C0A9CC1BB81E}.Release|x86.Build.0 = Release|Any CPU
		{7AA132A6-2288-4948-A675-CDEE39C39B33}.Debug|Any CPU.ActiveCfg = Debug|Any CPU
		{7AA132A6-2288-4948-A675-CDEE39C39B33}.Debug|Any CPU.Build.0 = Debug|Any CPU
		{7AA132A6-2288-4948-A675-CDEE39C39B33}.Debug|x64.ActiveCfg = Debug|Any CPU
		{7AA132A6-2288-4948-A675-CDEE39C39B33}.Debug|x64.Build.0 = Debug|Any CPU
		{7AA132A6-2288-4948-A675-CDEE39C39B33}.Debug|x86.ActiveCfg = Debug|Any CPU
		{7AA132A6-2288-4948-A675-CDEE39C39B33}.Debug|x86.Build.0 = Debug|Any CPU
		{7AA132A6-2288-4948-A675-CDEE39C39B33}.Release|Any CPU.ActiveCfg = Release|Any CPU
		{7AA132A6-2288-4948-A675-CDEE39C39B33}.Release|Any CPU.Build.0 = Release|Any CPU
		{7AA132A6-2288-4948-A675-CDEE39C39B33}.Release|x64.ActiveCfg = Release|Any CPU
		{7AA132A6-2288-4948-A675-CDEE39C39B33}.Release|x64.Build.0 = Release|Any CPU
		{7AA132A6-2288-4948-A675-CDEE39C39B33}.Release|x86.ActiveCfg = Release|Any CPU
		{7AA132A6-2288-4948-A675-CDEE39C39B33}.Release|x86.Build.0 = Release|Any CPU
	EndGlobalSection
	GlobalSection(SolutionProperties) = preSolution
		HideSolutionNode = FALSE
	EndGlobalSection
	GlobalSection(ExtensibilityGlobals) = postSolution
		SolutionGuid = {ACF15D52-6F90-4F3B-8D3A-081DC7053CBB}
	EndGlobalSection
EndGlobal
