
Microsoft Visual Studio Solution File, Format Version 12.00
# Visual Studio Version 17
VisualStudioVersion = 17.5.2.0
MinimumVisualStudioVersion = 10.0.40219.1
Project("{FAE04EC0-301F-11D3-BF4B-00C04F79EFBC}") = "ContoCorrente", "ContoCorrente\ContoCorrente.csproj", "{666552B5-0077-AADA-2BC1-0DFF1F20200A}"
EndProject
Project("{FAE04EC0-301F-11D3-BF4B-00C04F79EFBC}") = "GestioneVeicoli", "GestioneVeicoli\GestioneVeicoli.csproj", "{6DE8E0B4-BFDE-AA9D-9D96-AC7C8D4216CD}"
EndProject
Global
	GlobalSection(SolutionConfigurationPlatforms) = preSolution
		Debug|Any CPU = Debug|Any CPU
		Debug|x64 = Debug|x64
		Debug|x86 = Debug|x86
		Release|Any CPU = Release|Any CPU
		Release|x64 = Release|x64
		Release|x86 = Release|x86
	EndGlobalSection
	GlobalSection(ProjectConfigurationPlatforms) = postSolution
		{666552B5-0077-AADA-2BC1-0DFF1F20200A}.Debug|Any CPU.ActiveCfg = Debug|Any CPU
		{666552B5-0077-AADA-2BC1-0DFF1F20200A}.Debug|Any CPU.Build.0 = Debug|Any CPU
		{666552B5-0077-AADA-2BC1-0DFF1F20200A}.Debug|x64.ActiveCfg = Debug|Any CPU
		{666552B5-0077-AADA-2BC1-0DFF1F20200A}.Debug|x64.Build.0 = Debug|Any CPU
		{666552B5-0077-AADA-2BC1-0DFF1F20200A}.Debug|x86.ActiveCfg = Debug|Any CPU
		{666552B5-0077-AADA-2BC1-0DFF1F20200A}.Debug|x86.Build.0 = Debug|Any CPU
		{666552B5-0077-AADA-2BC1-0DFF1F20200A}.Release|Any CPU.ActiveCfg = Release|Any CPU
		{666552B5-0077-AADA-2BC1-0DFF1F20200A}.Release|Any CPU.Build.0 = Release|Any CPU
		{666552B5-0077-AADA-2BC1-0DFF1F20200A}.Release|x64.ActiveCfg = Release|Any CPU
		{666552B5-0077-AADA-2BC1-0DFF1F20200A}.Release|x64.Build.0 = Release|Any CPU
		{666552B5-0077-AADA-2BC1-0DFF1F20200A}.Release|x86.ActiveCfg = Release|Any CPU
		{666552B5-0077-AADA-2BC1-0DFF1F20200A}.Release|x86.Build.0 = Release|Any CPU
		{6DE8E0B4-BFDE-AA9D-9D96-AC7C8D4216CD}.Debug|Any CPU.ActiveCfg = Debug|Any CPU
		{6DE8E0B4-BFDE-AA9D-9D96-AC7C8D4216CD}.Debug|Any CPU.Build.0 = Debug|Any CPU
		{6DE8E0B4-BFDE-AA9D-9D96-AC7C8D4216CD}.Debug|x64.ActiveCfg = Debug|Any CPU
		{6DE8E0B4-BFDE-AA9D-9D96-AC7C8D4216CD}.Debug|x64.Build.0 = Debug|Any CPU
		{6DE8E0B4-BFDE-AA9D-9D96-AC7C8D4216CD}.Debug|x86.ActiveCfg = Debug|Any CPU
		{6DE8E0B4-BFDE-AA9D-9D96-AC7C8D4216CD}.Debug|x86.Build.0 = Debug|Any CPU
		{6DE8E0B4-BFDE-AA9D-9D96-AC7C8D4216CD}.Release|Any CPU.ActiveCfg = Release|Any CPU
		{6DE8E0B4-BFDE-AA9D-9D96-AC7C8D4216CD}.Release|Any CPU.Build.0 = Release|Any CPU
		{6DE8E0B4-BFDE-AA9D-9D96-AC7C8D4216CD}.Release|x64.ActiveCfg = Release|Any CPU
		{6DE8E0B4-BFDE-AA9D-9D96-AC7C8D4216CD}.Release|x64.Build.0 = Release|Any CPU
		{6DE8E0B4-BFDE-AA9D-9D96-AC7C8D4216CD}.Release|x86.ActiveCfg = Release|Any CPU
		{6DE8E0B4-BFDE-AA9D-9D96-AC7C8D4216CD}.Release|x86.Build.0 = Release|Any CPU
	EndGlobalSection
	GlobalSection(SolutionProperties) = preSolution
		HideSolutionNode = FALSE
	EndGlobalSection
	GlobalSection(ExtensibilityGlobals) = postSolution
		SolutionGuid = {005FAF18-E300-4FD4-A720-BEFDF387E7FB}
	EndGlobalSection
EndGlobal
