
Microsoft Visual Studio Solution File, Format Version 12.00
# Visual Studio Version 17
VisualStudioVersion = 17.5.2.0
MinimumVisualStudioVersion = 10.0.40219.1
Project("{FAE04EC0-301F-11D3-BF4B-00C04F79EFBC}") = "EsempioIncapsulamento", "EsempioIncapsulamento\EsempioIncapsulamento.csproj", "{28BA4367-50DB-55F9-0260-FA1717597A30}"
EndProject
Project("{FAE04EC0-301F-11D3-BF4B-00C04F79EFBC}") = "PrenotazioneViaggio", "PrenotazioneViaggio\PrenotazioneViaggio.csproj", "{FD4C2016-F1B3-4441-A106-81357C5B1919}"
EndProject
Project("{FAE04EC0-301F-11D3-BF4B-00C04F79EFBC}") = "VoloAereo", "VoloAereo\VoloAereo.csproj", "{65574544-037A-4410-A03B-C5A1DDEDF575}"
EndProject
Global
	GlobalSection(SolutionConfigurationPlatforms) = preSolution
		Debug|Any CPU = Debug|Any CPU
		Debug|x64 = Debug|x64
		Debug|x86 = Debug|x86
		Release|Any CPU = Release|Any CPU
		Release|x64 = Release|x64
		Release|x86 = Release|x86
	EndGlobalSection
	GlobalSection(ProjectConfigurationPlatforms) = postSolution
		{28BA4367-50DB-55F9-0260-FA1717597A30}.Debug|Any CPU.ActiveCfg = Debug|Any CPU
		{28BA4367-50DB-55F9-0260-FA1717597A30}.Debug|Any CPU.Build.0 = Debug|Any CPU
		{28BA4367-50DB-55F9-0260-FA1717597A30}.Debug|x64.ActiveCfg = Debug|Any CPU
		{28BA4367-50DB-55F9-0260-FA1717597A30}.Debug|x64.Build.0 = Debug|Any CPU
		{28BA4367-50DB-55F9-0260-FA1717597A30}.Debug|x86.ActiveCfg = Debug|Any CPU
		{28BA4367-50DB-55F9-0260-FA1717597A30}.Debug|x86.Build.0 = Debug|Any CPU
		{28BA4367-50DB-55F9-0260-FA1717597A30}.Release|Any CPU.ActiveCfg = Release|Any CPU
		{28BA4367-50DB-55F9-0260-FA1717597A30}.Release|Any CPU.Build.0 = Release|Any CPU
		{28BA4367-50DB-55F9-0260-FA1717597A30}.Release|x64.ActiveCfg = Release|Any CPU
		{28BA4367-50DB-55F9-0260-FA1717597A30}.Release|x64.Build.0 = Release|Any CPU
		{28BA4367-50DB-55F9-0260-FA1717597A30}.Release|x86.ActiveCfg = Release|Any CPU
		{28BA4367-50DB-55F9-0260-FA1717597A30}.Release|x86.Build.0 = Release|Any CPU
		{FD4C2016-F1B3-4441-A106-81357C5B1919}.Debug|Any CPU.ActiveCfg = Debug|Any CPU
		{FD4C2016-F1B3-4441-A106-81357C5B1919}.Debug|Any CPU.Build.0 = Debug|Any CPU
		{FD4C2016-F1B3-4441-A106-81357C5B1919}.Debug|x64.ActiveCfg = Debug|Any CPU
		{FD4C2016-F1B3-4441-A106-81357C5B1919}.Debug|x64.Build.0 = Debug|Any CPU
		{FD4C2016-F1B3-4441-A106-81357C5B1919}.Debug|x86.ActiveCfg = Debug|Any CPU
		{FD4C2016-F1B3-4441-A106-81357C5B1919}.Debug|x86.Build.0 = Debug|Any CPU
		{FD4C2016-F1B3-4441-A106-81357C5B1919}.Release|Any CPU.ActiveCfg = Release|Any CPU
		{FD4C2016-F1B3-4441-A106-81357C5B1919}.Release|Any CPU.Build.0 = Release|Any CPU
		{FD4C2016-F1B3-4441-A106-81357C5B1919}.Release|x64.ActiveCfg = Release|Any CPU
		{FD4C2016-F1B3-4441-A106-81357C5B1919}.Release|x64.Build.0 = Release|Any CPU
		{FD4C2016-F1B3-4441-A106-81357C5B1919}.Release|x86.ActiveCfg = Release|Any CPU
		{FD4C2016-F1B3-4441-A106-81357C5B1919}.Release|x86.Build.0 = Release|Any CPU
		{65574544-037A-4410-A03B-C5A1DDEDF575}.Debug|Any CPU.ActiveCfg = Debug|Any CPU
		{65574544-037A-4410-A03B-C5A1DDEDF575}.Debug|Any CPU.Build.0 = Debug|Any CPU
		{65574544-037A-4410-A03B-C5A1DDEDF575}.Debug|x64.ActiveCfg = Debug|Any CPU
		{65574544-037A-4410-A03B-C5A1DDEDF575}.Debug|x64.Build.0 = Debug|Any CPU
		{65574544-037A-4410-A03B-C5A1DDEDF575}.Debug|x86.ActiveCfg = Debug|Any CPU
		{65574544-037A-4410-A03B-C5A1DDEDF575}.Debug|x86.Build.0 = Debug|Any CPU
		{65574544-037A-4410-A03B-C5A1DDEDF575}.Release|Any CPU.ActiveCfg = Release|Any CPU
		{65574544-037A-4410-A03B-C5A1DDEDF575}.Release|Any CPU.Build.0 = Release|Any CPU
		{65574544-037A-4410-A03B-C5A1DDEDF575}.Release|x64.ActiveCfg = Release|Any CPU
		{65574544-037A-4410-A03B-C5A1DDEDF575}.Release|x64.Build.0 = Release|Any CPU
		{65574544-037A-4410-A03B-C5A1DDEDF575}.Release|x86.ActiveCfg = Release|Any CPU
		{65574544-037A-4410-A03B-C5A1DDEDF575}.Release|x86.Build.0 = Release|Any CPU
	EndGlobalSection
	GlobalSection(SolutionProperties) = preSolution
		HideSolutionNode = FALSE
	EndGlobalSection
	GlobalSection(ExtensibilityGlobals) = postSolution
		SolutionGuid = {369E5E94-61D2-481E-A642-7B54D458F6AA}
	EndGlobalSection
EndGlobal
