
Microsoft Visual Studio Solution File, Format Version 12.00
# Visual Studio Version 17
VisualStudioVersion = 17.5.2.0
MinimumVisualStudioVersion = 10.0.40219.1
Project("{FAE04EC0-301F-11D3-BF4B-00C04F79EFBC}") = "ProvaSingleton", "ProvaSingleton\ProvaSingleton.csproj", "{D72F6536-45B8-395B-58FD-C93099CAB67F}"
EndProject
Project("{FAE04EC0-301F-11D3-BF4B-00C04F79EFBC}") = "Logger", "Logger\Logger.csproj", "{5C728AF9-814C-4C76-9314-6A0BFF8BE940}"
EndProject
Project("{FAE04EC0-301F-11D3-BF4B-00C04F79EFBC}") = "Logger2", "Logger2\Logger2.csproj", "{400CFE30-E1D7-43D9-AE45-E91618A965FA}"
EndProject
Global
	GlobalSection(SolutionConfigurationPlatforms) = preSolution
		Debug|Any CPU = Debug|Any CPU
		Debug|x64 = Debug|x64
		Debug|x86 = Debug|x86
		Release|Any CPU = Release|Any CPU
		Release|x64 = Release|x64
		Release|x86 = Release|x86
	EndGlobalSection
	GlobalSection(ProjectConfigurationPlatforms) = postSolution
		{D72F6536-45B8-395B-58FD-C93099CAB67F}.Debug|Any CPU.ActiveCfg = Debug|Any CPU
		{D72F6536-45B8-395B-58FD-C93099CAB67F}.Debug|Any CPU.Build.0 = Debug|Any CPU
		{D72F6536-45B8-395B-58FD-C93099CAB67F}.Debug|x64.ActiveCfg = Debug|Any CPU
		{D72F6536-45B8-395B-58FD-C93099CAB67F}.Debug|x64.Build.0 = Debug|Any CPU
		{D72F6536-45B8-395B-58FD-C93099CAB67F}.Debug|x86.ActiveCfg = Debug|Any CPU
		{D72F6536-45B8-395B-58FD-C93099CAB67F}.Debug|x86.Build.0 = Debug|Any CPU
		{D72F6536-45B8-395B-58FD-C93099CAB67F}.Release|Any CPU.ActiveCfg = Release|Any CPU
		{D72F6536-45B8-395B-58FD-C93099CAB67F}.Release|Any CPU.Build.0 = Release|Any CPU
		{D72F6536-45B8-395B-58FD-C93099CAB67F}.Release|x64.ActiveCfg = Release|Any CPU
		{D72F6536-45B8-395B-58FD-C93099CAB67F}.Release|x64.Build.0 = Release|Any CPU
		{D72F6536-45B8-395B-58FD-C93099CAB67F}.Release|x86.ActiveCfg = Release|Any CPU
		{D72F6536-45B8-395B-58FD-C93099CAB67F}.Release|x86.Build.0 = Release|Any CPU
		{5C728AF9-814C-4C76-9314-6A0BFF8BE940}.Debug|Any CPU.ActiveCfg = Debug|Any CPU
		{5C728AF9-814C-4C76-9314-6A0BFF8BE940}.Debug|Any CPU.Build.0 = Debug|Any CPU
		{5C728AF9-814C-4C76-9314-6A0BFF8BE940}.Debug|x64.ActiveCfg = Debug|Any CPU
		{5C728AF9-814C-4C76-9314-6A0BFF8BE940}.Debug|x64.Build.0 = Debug|Any CPU
		{5C728AF9-814C-4C76-9314-6A0BFF8BE940}.Debug|x86.ActiveCfg = Debug|Any CPU
		{5C728AF9-814C-4C76-9314-6A0BFF8BE940}.Debug|x86.Build.0 = Debug|Any CPU
		{5C728AF9-814C-4C76-9314-6A0BFF8BE940}.Release|Any CPU.ActiveCfg = Release|Any CPU
		{5C728AF9-814C-4C76-9314-6A0BFF8BE940}.Release|Any CPU.Build.0 = Release|Any CPU
		{5C728AF9-814C-4C76-9314-6A0BFF8BE940}.Release|x64.ActiveCfg = Release|Any CPU
		{5C728AF9-814C-4C76-9314-6A0BFF8BE940}.Release|x64.Build.0 = Release|Any CPU
		{5C728AF9-814C-4C76-9314-6A0BFF8BE940}.Release|x86.ActiveCfg = Release|Any CPU
		{5C728AF9-814C-4C76-9314-6A0BFF8BE940}.Release|x86.Build.0 = Release|Any CPU
		{400CFE30-E1D7-43D9-AE45-E91618A965FA}.Debug|Any CPU.ActiveCfg = Debug|Any CPU
		{400CFE30-E1D7-43D9-AE45-E91618A965FA}.Debug|Any CPU.Build.0 = Debug|Any CPU
		{400CFE30-E1D7-43D9-AE45-E91618A965FA}.Debug|x64.ActiveCfg = Debug|Any CPU
		{400CFE30-E1D7-43D9-AE45-E91618A965FA}.Debug|x64.Build.0 = Debug|Any CPU
		{400CFE30-E1D7-43D9-AE45-E91618A965FA}.Debug|x86.ActiveCfg = Debug|Any CPU
		{400CFE30-E1D7-43D9-AE45-E91618A965FA}.Debug|x86.Build.0 = Debug|Any CPU
		{400CFE30-E1D7-43D9-AE45-E91618A965FA}.Release|Any CPU.ActiveCfg = Release|Any CPU
		{400CFE30-E1D7-43D9-AE45-E91618A965FA}.Release|Any CPU.Build.0 = Release|Any CPU
		{400CFE30-E1D7-43D9-AE45-E91618A965FA}.Release|x64.ActiveCfg = Release|Any CPU
		{400CFE30-E1D7-43D9-AE45-E91618A965FA}.Release|x64.Build.0 = Release|Any CPU
		{400CFE30-E1D7-43D9-AE45-E91618A965FA}.Release|x86.ActiveCfg = Release|Any CPU
		{400CFE30-E1D7-43D9-AE45-E91618A965FA}.Release|x86.Build.0 = Release|Any CPU
	EndGlobalSection
	GlobalSection(SolutionProperties) = preSolution
		HideSolutionNode = FALSE
	EndGlobalSection
	GlobalSection(ExtensibilityGlobals) = postSolution
		SolutionGuid = {AC4D7E81-BD0E-42A7-995C-5C81BD9ABB16}
	EndGlobalSection
EndGlobal
